{
  "name": "shared",
  "version": "1.0.0",
  "lockfileVersion": 3,
  "requires": true,
  "packages": {
    "": {
      "name": "shared",
      "version": "1.0.0",
      "license": "ISC",
      "dependencies": {
        "@colyseus/schema": "^2.0.35",
        "shared": "file:"
      }
    },
    "node_modules/@colyseus/schema": {
      "version": "2.0.35",
      "resolved": "https://registry.npmjs.org/@colyseus/schema/-/schema-2.0.35.tgz",
      "integrity": "sha512-Bc1dyKCPfjDpm126r6f6qu8/Q+BXcJMd9foVfR3k7YCxRm3HnN7LNqUx1nkL9/WgLVeFSItoJIqN7AxmNYzn9w==",
      "license": "MIT",
      "bin": {
        "schema-codegen": "bin/schema-codegen"
      }
    },
    "node_modules/shared": {
      "resolved": "",
      "link": true
    }
  }
}
